// !$*UTF8*$!
{
	archiveVersion = 1;
	classes = {
	};
	objectVersion = 50;
	objects = {

/* Begin PBXBuildFile section */
		271BC8A7243F24840037BFDD /* README.md in Resources */ = {isa = PBXBuildFile; fileRef = 271BC8A6243F24840037BFDD /* README.md */; };
		2736D16C24512C720097929B /* InfoPlist.strings in Resources */ = {isa = PBXBuildFile; fileRef = 2736D16A24512C720097929B /* InfoPlist.strings */; };
		274199C8243446300058AF19 /* AppDelegate.swift in Sources */ = {isa = PBXBuildFile; fileRef = 274199C7243446300058AF19 /* AppDelegate.swift */; };
		274199CA243446300058AF19 /* BuddyVC.swift in Sources */ = {isa = PBXBuildFile; fileRef = 274199C9243446300058AF19 /* BuddyVC.swift */; };
		274199CC243446320058AF19 /* Assets.xcassets in Resources */ = {isa = PBXBuildFile; fileRef = 274199CB243446320058AF19 /* Assets.xcassets */; };
		274199CF243446320058AF19 /* Main.storyboard in Resources */ = {isa = PBXBuildFile; fileRef = 274199CD243446320058AF19 /* Main.storyboard */; };
		27F58430244FD7D0000ADE7D /* Localizable.strings in Resources */ = {isa = PBXBuildFile; fileRef = 27F58432244FD7D0000ADE7D /* Localizable.strings */; };
/* End PBXBuildFile section */

/* Begin PBXFileReference section */
		271BC8A6243F24840037BFDD /* README.md */ = {isa = PBXFileReference; fileEncoding = 4; lastKnownFileType = net.daringfireball.markdown; path = README.md; sourceTree = "<group>"; };
		2736D16B24512C720097929B /* zh-Hans */ = {isa = PBXFileReference; lastKnownFileType = text.plist.strings; name = "zh-Hans"; path = "zh-Hans.lproj/InfoPlist.strings"; sourceTree = "<group>"; };
		2736D17B245183340097929B /* en */ = {isa = PBXFileReference; lastKnownFileType = text.plist.strings; name = en; path = en.lproj/InfoPlist.strings; sourceTree = "<group>"; };
		274199C4243446300058AF19 /* 码表助手.app */ = {isa = PBXFileReference; explicitFileType = wrapper.application; includeInIndex = 0; path = "码表助手.app"; sourceTree = BUILT_PRODUCTS_DIR; };
		274199C7243446300058AF19 /* AppDelegate.swift */ = {isa = PBXFileReference; lastKnownFileType = sourcecode.swift; path = AppDelegate.swift; sourceTree = "<group>"; };
		274199C9243446300058AF19 /* BuddyVC.swift */ = {isa = PBXFileReference; lastKnownFileType = sourcecode.swift; path = BuddyVC.swift; sourceTree = "<group>"; };
		274199CB243446320058AF19 /* Assets.xcassets */ = {isa = PBXFileReference; lastKnownFileType = folder.assetcatalog; path = Assets.xcassets; sourceTree = "<group>"; };
		274199CE243446320058AF19 /* Base */ = {isa = PBXFileReference; lastKnownFileType = file.storyboard; name = Base; path = Base.lproj/Main.storyboard; sourceTree = "<group>"; };
		274199D0243446320058AF19 /* Info.plist */ = {isa = PBXFileReference; lastKnownFileType = text.plist.xml; path = Info.plist; sourceTree = "<group>"; };
		274199D1243446320058AF19 /* WubiBuddy.entitlements */ = {isa = PBXFileReference; lastKnownFileType = text.plist.entitlements; path = WubiBuddy.entitlements; sourceTree = "<group>"; };
		27F11FBD244FD13800746944 /* en */ = {isa = PBXFileReference; lastKnownFileType = text.plist.strings; name = en; path = en.lproj/Main.strings; sourceTree = "<group>"; };
		27F5842F244FD75D000ADE7D /* zh-Hans */ = {isa = PBXFileReference; lastKnownFileType = text.plist.strings; name = "zh-Hans"; path = "zh-Hans.lproj/Main.strings"; sourceTree = "<group>"; };
		27F58431244FD7D0000ADE7D /* en */ = {isa = PBXFileReference; lastKnownFileType = text.plist.strings; name = en; path = en.lproj/Localizable.strings; sourceTree = "<group>"; };
		27F58433244FD820000ADE7D /* zh-Hans */ = {isa = PBXFileReference; lastKnownFileType = text.plist.strings; name = "zh-Hans"; path = "zh-Hans.lproj/Localizable.strings"; sourceTree = "<group>"; };
/* End PBXFileReference section */

/* Begin PBXFrameworksBuildPhase section */
		274199C1243446300058AF19 /* Frameworks */ = {
			isa = PBXFrameworksBuildPhase;
			buildActionMask = 2147483647;
			files = (
			);
			runOnlyForDeploymentPostprocessing = 0;
		};
/* End PBXFrameworksBuildPhase section */

/* Begin PBXGroup section */
		2736D17C245184380097929B /* localization */ = {
			isa = PBXGroup;
			children = (
				27F58432244FD7D0000ADE7D /* Localizable.strings */,
				2736D16A24512C720097929B /* InfoPlist.strings */,
			);
			path = localization;
			sourceTree = "<group>";
		};
		274199BB243446300058AF19 = {
			isa = PBXGroup;
			children = (
				271BC8A6243F24840037BFDD /* README.md */,
				2736D17C245184380097929B /* localization */,
				274199C6243446300058AF19 /* WubiBuddy */,
				274199C5243446300058AF19 /* Products */,
			);
			sourceTree = "<group>";
		};
		274199C5243446300058AF19 /* Products */ = {
			isa = PBXGroup;
			children = (
				274199C4243446300058AF19 /* 码表助手.app */,
			);
			name = Products;
			sourceTree = "<group>";
		};
		274199C6243446300058AF19 /* WubiBuddy */ = {
			isa = PBXGroup;
			children = (
				274199C7243446300058AF19 /* AppDelegate.swift */,
				274199C9243446300058AF19 /* BuddyVC.swift */,
				274199CD243446320058AF19 /* Main.storyboard */,
				274199CB243446320058AF19 /* Assets.xcassets */,
				274199D0243446320058AF19 /* Info.plist */,
				274199D1243446320058AF19 /* WubiBuddy.entitlements */,
			);
			path = WubiBuddy;
			sourceTree = "<group>";
		};
/* End PBXGroup section */

/* Begin PBXNativeTarget section */
		274199C3243446300058AF19 /* 码表助手 */ = {
			isa = PBXNativeTarget;
			buildConfigurationList = 274199D4243446320058AF19 /* Build configuration list for PBXNativeTarget "码表助手" */;
			buildPhases = (
				274199C0243446300058AF19 /* Sources */,
				274199C1243446300058AF19 /* Frameworks */,
				274199C2243446300058AF19 /* Resources */,
			);
			buildRules = (
			);
			dependencies = (
			);
			name = "码表助手";
			productName = WubiBuddy;
			productReference = 274199C4243446300058AF19 /* 码表助手.app */;
			productType = "com.apple.product-type.application";
		};
/* End PBXNativeTarget section */

/* Begin PBXProject section */
		274199BC243446300058AF19 /* Project object */ = {
			isa = PBXProject;
			attributes = {
				LastSwiftUpdateCheck = 1140;
				LastUpgradeCheck = 1140;
				ORGANIZATIONNAME = "Cyan Maple";
				TargetAttributes = {
					274199C3243446300058AF19 = {
						CreatedOnToolsVersion = 11.4;
					};
				};
			};
			buildConfigurationList = 274199BF243446300058AF19 /* Build configuration list for PBXProject "WubiBuddy" */;
			compatibilityVersion = "Xcode 9.3";
			developmentRegion = en;
			hasScannedForEncodings = 0;
			knownRegions = (
				en,
				Base,
				"zh-Hans",
			);
			mainGroup = 274199BB243446300058AF19;
			productRefGroup = 274199C5243446300058AF19 /* Products */;
			projectDirPath = "";
			projectRoot = "";
			targets = (
				274199C3243446300058AF19 /* 码表助手 */,
			);
		};
/* End PBXProject section */

/* Begin PBXResourcesBuildPhase section */
		274199C2243446300058AF19 /* Resources */ = {
			isa = PBXResourcesBuildPhase;
			buildActionMask = 2147483647;
			files = (
				271BC8A7243F24840037BFDD /* README.md in Resources */,
				27F58430244FD7D0000ADE7D /* Localizable.strings in Resources */,
				274199CC243446320058AF19 /* Assets.xcassets in Resources */,
				274199CF243446320058AF19 /* Main.storyboard in Resources */,
				2736D16C24512C720097929B /* InfoPlist.strings in Resources */,
			);
			runOnlyForDeploymentPostprocessing = 0;
		};
/* End PBXResourcesBuildPhase section */

/* Begin PBXSourcesBuildPhase section */
		274199C0243446300058AF19 /* Sources */ = {
			isa = PBXSourcesBuildPhase;
			buildActionMask = 2147483647;
			files = (
				274199CA243446300058AF19 /* BuddyVC.swift in Sources */,
				274199C8243446300058AF19 /* AppDelegate.swift in Sources */,
			);
			runOnlyForDeploymentPostprocessing = 0;
		};
/* End PBXSourcesBuildPhase section */

/* Begin PBXVariantGroup section */
		2736D16A24512C720097929B /* InfoPlist.strings */ = {
			isa = PBXVariantGroup;
			children = (
				2736D16B24512C720097929B /* zh-Hans */,
				2736D17B245183340097929B /* en */,
			);
			name = InfoPlist.strings;
			sourceTree = "<group>";
		};
		274199CD243446320058AF19 /* Main.storyboard */ = {
			isa = PBXVariantGroup;
			children = (
				274199CE243446320058AF19 /* Base */,
				27F11FBD244FD13800746944 /* en */,
				27F5842F244FD75D000ADE7D /* zh-Hans */,
			);
			name = Main.storyboard;
			sourceTree = "<group>";
		};
		27F58432244FD7D0000ADE7D /* Localizable.strings */ = {
			isa = PBXVariantGroup;
			children = (
				27F58431244FD7D0000ADE7D /* en */,
				27F58433244FD820000ADE7D /* zh-Hans */,
			);
			name = Localizable.strings;
			sourceTree = "<group>";
		};
/* End PBXVariantGroup section */

/* Begin XCBuildConfiguration section */
		274199D2243446320058AF19 /* Debug */ = {
			isa = XCBuildConfiguration;
			buildSettings = {
				ALWAYS_SEARCH_USER_PATHS = NO;
				CLANG_ANALYZER_LOCALIZABILITY_NONLOCALIZED = YES;
				CLANG_ANALYZER_NONNULL = YES;
				CLANG_ANALYZER_NUMBER_OBJECT_CONVERSION = YES_AGGRESSIVE;
				CLANG_CXX_LANGUAGE_STANDARD = "gnu++14";
				CLANG_CXX_LIBRARY = "libc++";
				CLANG_ENABLE_MODULES = YES;
				CLANG_ENABLE_OBJC_ARC = YES;
				CLANG_ENABLE_OBJC_WEAK = YES;
				CLANG_WARN_BLOCK_CAPTURE_AUTORELEASING = YES;
				CLANG_WARN_BOOL_CONVERSION = YES;
				CLANG_WARN_COMMA = YES;
				CLANG_WARN_CONSTANT_CONVERSION = YES;
				CLANG_WARN_DEPRECATED_OBJC_IMPLEMENTATIONS = YES;
				CLANG_WARN_DIRECT_OBJC_ISA_USAGE = YES_ERROR;
				CLANG_WARN_DOCUMENTATION_COMMENTS = YES;
				CLANG_WARN_EMPTY_BODY = YES;
				CLANG_WARN_ENUM_CONVERSION = YES;
				CLANG_WARN_INFINITE_RECURSION = YES;
				CLANG_WARN_INT_CONVERSION = YES;
				CLANG_WARN_NON_LITERAL_NULL_CONVERSION = YES;
				CLANG_WARN_OBJC_IMPLICIT_RETAIN_SELF = YES;
				CLANG_WARN_OBJC_LITERAL_CONVERSION = YES;
				CLANG_WARN_OBJC_ROOT_CLASS = YES_ERROR;
				CLANG_WARN_RANGE_LOOP_ANALYSIS = YES;
				CLANG_WARN_STRICT_PROTOTYPES = YES;
				CLANG_WARN_SUSPICIOUS_MOVE = YES;
				CLANG_WARN_UNGUARDED_AVAILABILITY = YES_AGGRESSIVE;
				CLANG_WARN_UNREACHABLE_CODE = YES;
				CLANG_WARN__DUPLICATE_METHOD_MATCH = YES;
				COPY_PHASE_STRIP = NO;
				DEBUG_INFORMATION_FORMAT = dwarf;
				ENABLE_STRICT_OBJC_MSGSEND = YES;
				ENABLE_TESTABILITY = YES;
				GCC_C_LANGUAGE_STANDARD = gnu11;
				GCC_DYNAMIC_NO_PIC = NO;
				GCC_NO_COMMON_BLOCKS = YES;
				GCC_OPTIMIZATION_LEVEL = 0;
				GCC_PREPROCESSOR_DEFINITIONS = (
					"DEBUG=1",
					"$(inherited)",
				);
				GCC_WARN_64_TO_32_BIT_CONVERSION = YES;
				GCC_WARN_ABOUT_RETURN_TYPE = YES_ERROR;
				GCC_WARN_UNDECLARED_SELECTOR = YES;
				GCC_WARN_UNINITIALIZED_AUTOS = YES_AGGRESSIVE;
				GCC_WARN_UNUSED_FUNCTION = YES;
				GCC_WARN_UNUSED_VARIABLE = YES;
				MACOSX_DEPLOYMENT_TARGET = 10.15;
				MTL_ENABLE_DEBUG_INFO = INCLUDE_SOURCE;
				MTL_FAST_MATH = YES;
				ONLY_ACTIVE_ARCH = YES;
				SDKROOT = macosx;
				SWIFT_ACTIVE_COMPILATION_CONDITIONS = DEBUG;
				SWIFT_OPTIMIZATION_LEVEL = "-Onone";
			};
			name = Debug;
		};
		274199D3243446320058AF19 /* Release */ = {
			isa = XCBuildConfiguration;
			buildSettings = {
				ALWAYS_SEARCH_USER_PATHS = NO;
				CLANG_ANALYZER_LOCALIZABILITY_NONLOCALIZED = YES;
				CLANG_ANALYZER_NONNULL = YES;
				CLANG_ANALYZER_NUMBER_OBJECT_CONVERSION = YES_AGGRESSIVE;
				CLANG_CXX_LANGUAGE_STANDARD = "gnu++14";
				CLANG_CXX_LIBRARY = "libc++";
				CLANG_ENABLE_MODULES = YES;
				CLANG_ENABLE_OBJC_ARC = YES;
				CLANG_ENABLE_OBJC_WEAK = YES;
				CLANG_WARN_BLOCK_CAPTURE_AUTORELEASING = YES;
				CLANG_WARN_BOOL_CONVERSION = YES;
				CLANG_WARN_COMMA = YES;
				CLANG_WARN_CONSTANT_CONVERSION = YES;
				CLANG_WARN_DEPRECATED_OBJC_IMPLEMENTATIONS = YES;
				CLANG_WARN_DIRECT_OBJC_ISA_USAGE = YES_ERROR;
				CLANG_WARN_DOCUMENTATION_COMMENTS = YES;
				CLANG_WARN_EMPTY_BODY = YES;
				CLANG_WARN_ENUM_CONVERSION = YES;
				CLANG_WARN_INFINITE_RECURSION = YES;
				CLANG_WARN_INT_CONVERSION = YES;
				CLANG_WARN_NON_LITERAL_NULL_CONVERSION = YES;
				CLANG_WARN_OBJC_IMPLICIT_RETAIN_SELF = YES;
				CLANG_WARN_OBJC_LITERAL_CONVERSION = YES;
				CLANG_WARN_OBJC_ROOT_CLASS = YES_ERROR;
				CLANG_WARN_RANGE_LOOP_ANALYSIS = YES;
				CLANG_WARN_STRICT_PROTOTYPES = YES;
				CLANG_WARN_SUSPICIOUS_MOVE = YES;
				CLANG_WARN_UNGUARDED_AVAILABILITY = YES_AGGRESSIVE;
				CLANG_WARN_UNREACHABLE_CODE = YES;
				CLANG_WARN__DUPLICATE_METHOD_MATCH = YES;
				COPY_PHASE_STRIP = NO;
				DEBUG_INFORMATION_FORMAT = "dwarf-with-dsym";
				ENABLE_NS_ASSERTIONS = NO;
				ENABLE_STRICT_OBJC_MSGSEND = YES;
				GCC_C_LANGUAGE_STANDARD = gnu11;
				GCC_NO_COMMON_BLOCKS = YES;
				GCC_WARN_64_TO_32_BIT_CONVERSION = YES;
				GCC_WARN_ABOUT_RETURN_TYPE = YES_ERROR;
				GCC_WARN_UNDECLARED_SELECTOR = YES;
				GCC_WARN_UNINITIALIZED_AUTOS = YES_AGGRESSIVE;
				GCC_WARN_UNUSED_FUNCTION = YES;
				GCC_WARN_UNUSED_VARIABLE = YES;
				MACOSX_DEPLOYMENT_TARGET = 10.15;
				MTL_ENABLE_DEBUG_INFO = NO;
				MTL_FAST_MATH = YES;
				SDKROOT = macosx;
				SWIFT_COMPILATION_MODE = wholemodule;
				SWIFT_OPTIMIZATION_LEVEL = "-O";
			};
			name = Release;
		};
		274199D5243446320058AF19 /* Debug */ = {
			isa = XCBuildConfiguration;
			buildSettings = {
				ASSETCATALOG_COMPILER_APPICON_NAME = AppIcon;
				CODE_SIGN_ENTITLEMENTS = WubiBuddy/WubiBuddy.entitlements;
				CODE_SIGN_IDENTITY = "Apple Development";
				CODE_SIGN_STYLE = Automatic;
				COMBINE_HIDPI_IMAGES = YES;
				CURRENT_PROJECT_VERSION = 19;
				DEVELOPMENT_TEAM = 4J6QFDHMK2;
				ENABLE_HARDENED_RUNTIME = YES;
				INFOPLIST_FILE = WubiBuddy/Info.plist;
				LD_RUNPATH_SEARCH_PATHS = (
					"$(inherited)",
					"@executable_path/../Frameworks",
				);
				MACOSX_DEPLOYMENT_TARGET = 10.15;
				MARKETING_VERSION = 1.13;
				PRODUCT_BUNDLE_IDENTIFIER = cn.kylebing.WubiBuddy;
				PRODUCT_NAME = "$(TARGET_NAME)";
				SWIFT_INCLUDE_PATHS = "";
				SWIFT_VERSION = 5.0;
			};
			name = Debug;
		};
		274199D6243446320058AF19 /* Release */ = {
			isa = XCBuildConfiguration;
			buildSettings = {
				ASSETCATALOG_COMPILER_APPICON_NAME = AppIcon;
				CODE_SIGN_ENTITLEMENTS = WubiBuddy/WubiBuddy.entitlements;
				CODE_SIGN_IDENTITY = "-";
				CODE_SIGN_STYLE = Automatic;
				COMBINE_HIDPI_IMAGES = YES;
				CURRENT_PROJECT_VERSION = 19;
				DEVELOPMENT_TEAM = 4J6QFDHMK2;
				ENABLE_HARDENED_RUNTIME = YES;
				INFOPLIST_FILE = WubiBuddy/Info.plist;
				LD_RUNPATH_SEARCH_PATHS = (
					"$(inherited)",
					"@executable_path/../Frameworks",
				);
				MACOSX_DEPLOYMENT_TARGET = 10.15;
				MARKETING_VERSION = 1.13;
				PRODUCT_BUNDLE_IDENTIFIER = cn.kylebing.WubiBuddy;
				PRODUCT_NAME = "$(TARGET_NAME)";
				SWIFT_INCLUDE_PATHS = "";
				SWIFT_VERSION = 5.0;
			};
			name = Release;
		};
/* End XCBuildConfiguration section */

/* Begin XCConfigurationList section */
		274199BF243446300058AF19 /* Build configuration list for PBXProject "WubiBuddy" */ = {
			isa = XCConfigurationList;
			buildConfigurations = (
				274199D2243446320058AF19 /* Debug */,
				274199D3243446320058AF19 /* Release */,
			);
			defaultConfigurationIsVisible = 0;
			defaultConfigurationName = Release;
		};
		274199D4243446320058AF19 /* Build configuration list for PBXNativeTarget "码表助手" */ = {
			isa = XCConfigurationList;
			buildConfigurations = (
				274199D5243446320058AF19 /* Debug */,
				274199D6243446320058AF19 /* Release */,
			);
			defaultConfigurationIsVisible = 0;
			defaultConfigurationName = Release;
		};
/* End XCConfigurationList section */
	};
	rootObject = 274199BC243446300058AF19 /* Project object */;
}
